github.com/DeRuina/timberjack v1.4.7 h1:bAM3pgbmwRrBxgKfAlqJ7Q1LOFxoqcyy0NhVsTeEJrA=
github.com/DeRuina/timberjack v1.4.7/go.mod h1:DCXjOescYyzTrOryf57SEbSeCOqkBQ3QjH7Pn03i5Cs=
github.com/fortytw2/leaktest v1.3.0 h1:u8491cBMTQ8ft8aeV+adlcytMZylmA5nnwwkRZjI8vw=
github.com/fortytw2/leaktest v1.3.0/go.mod h1:jDsjWgpAGjm2CA7WthBh/CdZYEPF31XHquHwclZch5g=
github.com/klauspost/compress v1.18.7 h1:aUyZsS4kH3QTKurYhAOwAHxllVPnOthb3vPfnF1Ehjw=
github.com/klauspost/compress v1.18.7/go.mod h1:cwPg85FWrGar70rWktvGQj8/hthj3wpl0PGDogxkrSQ=
